// !$*UTF8*$!
{
	archiveVersion = 1;
	classes = {
	};
	objectVersion = 56;
	objects = {

/* Begin PBXBuildFile section */
		0A5469672AB189B900B755F5 /* iOS_LearningApp.swift in Sources */ = {isa = PBXBuildFile; fileRef = 0A5469662AB189B900B755F5 /* iOS_LearningApp.swift */; };
		0A54696B2AB189BB00B755F5 /* Assets.xcassets in Resources */ = {isa = PBXBuildFile; fileRef = 0A54696A2AB189BB00B755F5 /* Assets.xcassets */; };
		0A5469972AB189F000B755F5 /* DoTryCatchThrows.swift in Sources */ = {isa = PBXBuildFile; fileRef = 0A5469962AB189F000B755F5 /* DoTryCatchThrows.swift */; };
		0AD6F8652AB1C03800F38A7F /* AsyncAwait.swift in Sources */ = {isa = PBXBuildFile; fileRef = 0AD6F8642AB1C03800F38A7F /* AsyncAwait.swift */; };
		0AD6F8672AB1D5E300F38A7F /* AsyncLet.swift in Sources */ = {isa = PBXBuildFile; fileRef = 0AD6F8662AB1D5E300F38A7F /* AsyncLet.swift */; };
/* End PBXBuildFile section */

/* Begin PBXContainerItemProxy section */
		0A5469792AB189BB00B755F5 /* PBXContainerItemProxy */ = {
			isa = PBXContainerItemProxy;
			containerPortal = 0A54695B2AB189B900B755F5 /* Project object */;
			proxyType = 1;
			remoteGlobalIDString = 0A5469622AB189B900B755F5;
			remoteInfo = "iOS-Learning";
		};
		0A5469832AB189BB00B755F5 /* PBXContainerItemProxy */ = {
			isa = PBXContainerItemProxy;
			containerPortal = 0A54695B2AB189B900B755F5 /* Project object */;
			proxyType = 1;
			remoteGlobalIDString = 0A5469622AB189B900B755F5;
			remoteInfo = "iOS-Learning";
		};
/* End PBXContainerItemProxy section */

/* Begin PBXFileReference section */
		0A5469632AB189B900B755F5 /* iOS-Learning.app */ = {isa = PBXFileReference; explicitFileType = wrapper.application; includeInIndex = 0; path = "iOS-Learning.app"; sourceTree = BUILT_PRODUCTS_DIR; };
		0A5469662AB189B900B755F5 /* iOS_LearningApp.swift */ = {isa = PBXFileReference; lastKnownFileType = sourcecode.swift; path = iOS_LearningApp.swift; sourceTree = "<group>"; };
		0A54696A2AB189BB00B755F5 /* Assets.xcassets */ = {isa = PBXFileReference; lastKnownFileType = folder.assetcatalog; path = Assets.xcassets; sourceTree = "<group>"; };
		0A5469782AB189BB00B755F5 /* iOS-LearningTests.xctest */ = {isa = PBXFileReference; explicitFileType = wrapper.cfbundle; includeInIndex = 0; path = "iOS-LearningTests.xctest"; sourceTree = BUILT_PRODUCTS_DIR; };
		0A5469822AB189BB00B755F5 /* iOS-LearningUITests.xctest */ = {isa = PBXFileReference; explicitFileType = wrapper.cfbundle; includeInIndex = 0; path = "iOS-LearningUITests.xctest"; sourceTree = BUILT_PRODUCTS_DIR; };
		0A5469962AB189F000B755F5 /* DoTryCatchThrows.swift */ = {isa = PBXFileReference; lastKnownFileType = sourcecode.swift; path = DoTryCatchThrows.swift; sourceTree = "<group>"; };
		0AD6F8642AB1C03800F38A7F /* AsyncAwait.swift */ = {isa = PBXFileReference; lastKnownFileType = sourcecode.swift; path = AsyncAwait.swift; sourceTree = "<group>"; };
		0AD6F8662AB1D5E300F38A7F /* AsyncLet.swift */ = {isa = PBXFileReference; lastKnownFileType = sourcecode.swift; path = AsyncLet.swift; sourceTree = "<group>"; };
/* End PBXFileReference section */

/* Begin PBXFrameworksBuildPhase section */
		0A5469602AB189B900B755F5 /* Frameworks */ = {
			isa = PBXFrameworksBuildPhase;
			buildActionMask = 2147483647;
			files = (
			);
			runOnlyForDeploymentPostprocessing = 0;
		};
		0A5469752AB189BB00B755F5 /* Frameworks */ = {
			isa = PBXFrameworksBuildPhase;
			buildActionMask = 2147483647;
			files = (
			);
			runOnlyForDeploymentPostprocessing = 0;
		};
		0A54697F2AB189BB00B755F5 /* Frameworks */ = {
			isa = PBXFrameworksBuildPhase;
			buildActionMask = 2147483647;
			files = (
			);
			runOnlyForDeploymentPostprocessing = 0;
		};
/* End PBXFrameworksBuildPhase section */

/* Begin PBXGroup section */
		0A54695A2AB189B900B755F5 = {
			isa = PBXGroup;
			children = (
				0A5469652AB189B900B755F5 /* iOS-Learning */,
				0A5469642AB189B900B755F5 /* Products */,
			);
			sourceTree = "<group>";
		};
		0A5469642AB189B900B755F5 /* Products */ = {
			isa = PBXGroup;
			children = (
				0A5469632AB189B900B755F5 /* iOS-Learning.app */,
				0A5469782AB189BB00B755F5 /* iOS-LearningTests.xctest */,
				0A5469822AB189BB00B755F5 /* iOS-LearningUITests.xctest */,
			);
			name = Products;
			sourceTree = "<group>";
		};
		0A5469652AB189B900B755F5 /* iOS-Learning */ = {
			isa = PBXGroup;
			children = (
				0A5469662AB189B900B755F5 /* iOS_LearningApp.swift */,
				0A54696A2AB189BB00B755F5 /* Assets.xcassets */,
				0A5469952AB189CB00B755F5 /* Concurrency */,
			);
			path = "iOS-Learning";
			sourceTree = "<group>";
		};
		0A5469952AB189CB00B755F5 /* Concurrency */ = {
			isa = PBXGroup;
			children = (
				0A5469962AB189F000B755F5 /* DoTryCatchThrows.swift */,
				0AD6F8642AB1C03800F38A7F /* AsyncAwait.swift */,
				0AD6F8662AB1D5E300F38A7F /* AsyncLet.swift */,
			);
			path = Concurrency;
			sourceTree = "<group>";
		};
/* End PBXGroup section */

/* Begin PBXNativeTarget section */
		0A5469622AB189B900B755F5 /* iOS-Learning */ = {
			isa = PBXNativeTarget;
			buildConfigurationList = 0A54698C2AB189BB00B755F5 /* Build configuration list for PBXNativeTarget "iOS-Learning" */;
			buildPhases = (
				0A54695F2AB189B900B755F5 /* Sources */,
				0A5469602AB189B900B755F5 /* Frameworks */,
				0A5469612AB189B900B755F5 /* Resources */,
			);
			buildRules = (
			);
			dependencies = (
			);
			name = "iOS-Learning";
			productName = "iOS-Learning";
			productReference = 0A5469632AB189B900B755F5 /* iOS-Learning.app */;
			productType = "com.apple.product-type.application";
		};
		0A5469772AB189BB00B755F5 /* iOS-LearningTests */ = {
			isa = PBXNativeTarget;
			buildConfigurationList = 0A54698F2AB189BB00B755F5 /* Build configuration list for PBXNativeTarget "iOS-LearningTests" */;
			buildPhases = (
				0A5469742AB189BB00B755F5 /* Sources */,
				0A5469752AB189BB00B755F5 /* Frameworks */,
				0A5469762AB189BB00B755F5 /* Resources */,
			);
			buildRules = (
			);
			dependencies = (
				0A54697A2AB189BB00B755F5 /* PBXTargetDependency */,
			);
			name = "iOS-LearningTests";
			productName = "iOS-LearningTests";
			productReference = 0A5469782AB189BB00B755F5 /* iOS-LearningTests.xctest */;
			productType = "com.apple.product-type.bundle.unit-test";
		};
		0A5469812AB189BB00B755F5 /* iOS-LearningUITests */ = {
			isa = PBXNativeTarget;
			buildConfigurationList = 0A5469922AB189BB00B755F5 /* Build configuration list for PBXNativeTarget "iOS-LearningUITests" */;
			buildPhases = (
				0A54697E2AB189BB00B755F5 /* Sources */,
				0A54697F2AB189BB00B755F5 /* Frameworks */,
				0A5469802AB189BB00B755F5 /* Resources */,
			);
			buildRules = (
			);
			dependencies = (
				0A5469842AB189BB00B755F5 /* PBXTargetDependency */,
			);
			name = "iOS-LearningUITests";
			productName = "iOS-LearningUITests";
			productReference = 0A5469822AB189BB00B755F5 /* iOS-LearningUITests.xctest */;
			productType = "com.apple.product-type.bundle.ui-testing";
		};
/* End PBXNativeTarget section */

/* Begin PBXProject section */
		0A54695B2AB189B900B755F5 /* Project object */ = {
			isa = PBXProject;
			attributes = {
				BuildIndependentTargetsInParallel = 1;
				LastSwiftUpdateCheck = 1430;
				LastUpgradeCheck = 1430;
				TargetAttributes = {
					0A5469622AB189B900B755F5 = {
						CreatedOnToolsVersion = 14.3;
					};
					0A5469772AB189BB00B755F5 = {
						CreatedOnToolsVersion = 14.3;
						TestTargetID = 0A5469622AB189B900B755F5;
					};
					0A5469812AB189BB00B755F5 = {
						CreatedOnToolsVersion = 14.3;
						TestTargetID = 0A5469622AB189B900B755F5;
					};
				};
			};
			buildConfigurationList = 0A54695E2AB189B900B755F5 /* Build configuration list for PBXProject "iOS-Learning" */;
			compatibilityVersion = "Xcode 14.0";
			developmentRegion = en;
			hasScannedForEncodings = 0;
			knownRegions = (
				en,
				Base,
			);
			mainGroup = 0A54695A2AB189B900B755F5;
			productRefGroup = 0A5469642AB189B900B755F5 /* Products */;
			projectDirPath = "";
			projectRoot = "";
			targets = (
				0A5469622AB189B900B755F5 /* iOS-Learning */,
				0A5469772AB189BB00B755F5 /* iOS-LearningTests */,
				0A5469812AB189BB00B755F5 /* iOS-LearningUITests */,
			);
		};
/* End PBXProject section */

/* Begin PBXResourcesBuildPhase section */
		0A5469612AB189B900B755F5 /* Resources */ = {
			isa = PBXResourcesBuildPhase;
			buildActionMask = 2147483647;
			files = (
				0A54696B2AB189BB00B755F5 /* Assets.xcassets in Resources */,
			);
			runOnlyForDeploymentPostprocessing = 0;
		};
		0A5469762AB189BB00B755F5 /* Resources */ = {
			isa = PBXResourcesBuildPhase;
			buildActionMask = 2147483647;
			files = (
			);
			runOnlyForDeploymentPostprocessing = 0;
		};
		0A5469802AB189BB00B755F5 /* Resources */ = {
			isa = PBXResourcesBuildPhase;
			buildActionMask = 2147483647;
			files = (
			);
			runOnlyForDeploymentPostprocessing = 0;
		};
/* End PBXResourcesBuildPhase section */

/* Begin PBXSourcesBuildPhase section */
		0A54695F2AB189B900B755F5 /* Sources */ = {
			isa = PBXSourcesBuildPhase;
			buildActionMask = 2147483647;
			files = (
				0A5469972AB189F000B755F5 /* DoTryCatchThrows.swift in Sources */,
				0AD6F8672AB1D5E300F38A7F /* AsyncLet.swift in Sources */,
				0AD6F8652AB1C03800F38A7F /* AsyncAwait.swift in Sources */,
				0A5469672AB189B900B755F5 /* iOS_LearningApp.swift in Sources */,
			);
			runOnlyForDeploymentPostprocessing = 0;
		};
		0A5469742AB189BB00B755F5 /* Sources */ = {
			isa = PBXSourcesBuildPhase;
			buildActionMask = 2147483647;
			files = (
			);
			runOnlyForDeploymentPostprocessing = 0;
		};
		0A54697E2AB189BB00B755F5 /* Sources */ = {
			isa = PBXSourcesBuildPhase;
			buildActionMask = 2147483647;
			files = (
			);
			runOnlyForDeploymentPostprocessing = 0;
		};
/* End PBXSourcesBuildPhase section */

/* Begin PBXTargetDependency section */
		0A54697A2AB189BB00B755F5 /* PBXTargetDependency */ = {
			isa = PBXTargetDependency;
			target = 0A5469622AB189B900B755F5 /* iOS-Learning */;
			targetProxy = 0A5469792AB189BB00B755F5 /* PBXContainerItemProxy */;
		};
		0A5469842AB189BB00B755F5 /* PBXTargetDependency */ = {
			isa = PBXTargetDependency;
			target = 0A5469622AB189B900B755F5 /* iOS-Learning */;
			targetProxy = 0A5469832AB189BB00B755F5 /* PBXContainerItemProxy */;
		};
/* End PBXTargetDependency section */

/* Begin XCBuildConfiguration section */
		0A54698A2AB189BB00B755F5 /* Debug */ = {
			isa = XCBuildConfiguration;
			buildSettings = {
				ALWAYS_SEARCH_USER_PATHS = NO;
				CLANG_ANALYZER_NONNULL = YES;
				CLANG_ANALYZER_NUMBER_OBJECT_CONVERSION = YES_AGGRESSIVE;
				CLANG_CXX_LANGUAGE_STANDARD = "gnu++20";
				CLANG_ENABLE_MODULES = YES;
				CLANG_ENABLE_OBJC_ARC = YES;
				CLANG_ENABLE_OBJC_WEAK = YES;
				CLANG_WARN_BLOCK_CAPTURE_AUTORELEASING = YES;
				CLANG_WARN_BOOL_CONVERSION = YES;
				CLANG_WARN_COMMA = YES;
				CLANG_WARN_CONSTANT_CONVERSION = YES;
				CLANG_WARN_DEPRECATED_OBJC_IMPLEMENTATIONS = YES;
				CLANG_WARN_DIRECT_OBJC_ISA_USAGE = YES_ERROR;
				CLANG_WARN_DOCUMENTATION_COMMENTS = YES;
				CLANG_WARN_EMPTY_BODY = YES;
				CLANG_WARN_ENUM_CONVERSION = YES;
				CLANG_WARN_INFINITE_RECURSION = YES;
				CLANG_WARN_INT_CONVERSION = YES;
				CLANG_WARN_NON_LITERAL_NULL_CONVERSION = YES;
				CLANG_WARN_OBJC_IMPLICIT_RETAIN_SELF = YES;
				CLANG_WARN_OBJC_LITERAL_CONVERSION = YES;
				CLANG_WARN_OBJC_ROOT_CLASS = YES_ERROR;
				CLANG_WARN_QUOTED_INCLUDE_IN_FRAMEWORK_HEADER = YES;
				CLANG_WARN_RANGE_LOOP_ANALYSIS = YES;
				CLANG_WARN_STRICT_PROTOTYPES = YES;
				CLANG_WARN_SUSPICIOUS_MOVE = YES;
				CLANG_WARN_UNGUARDED_AVAILABILITY = YES_AGGRESSIVE;
				CLANG_WARN_UNREACHABLE_CODE = YES;
				CLANG_WARN__DUPLICATE_METHOD_MATCH = YES;
				COPY_PHASE_STRIP = NO;
				DEBUG_INFORMATION_FORMAT = dwarf;
				ENABLE_STRICT_OBJC_MSGSEND = YES;
				ENABLE_TESTABILITY = YES;
				GCC_C_LANGUAGE_STANDARD = gnu11;
				GCC_DYNAMIC_NO_PIC = NO;
				GCC_NO_COMMON_BLOCKS = YES;
				GCC_OPTIMIZATION_LEVEL = 0;
				GCC_PREPROCESSOR_DEFINITIONS = (
					"DEBUG=1",
					"$(inherited)",
				);
				GCC_WARN_64_TO_32_BIT_CONVERSION = YES;
				GCC_WARN_ABOUT_RETURN_TYPE = YES_ERROR;
				GCC_WARN_UNDECLARED_SELECTOR = YES;
				GCC_WARN_UNINITIALIZED_AUTOS = YES_AGGRESSIVE;
				GCC_WARN_UNUSED_FUNCTION = YES;
				GCC_WARN_UNUSED_VARIABLE = YES;
				IPHONEOS_DEPLOYMENT_TARGET = 16.4;
				MTL_ENABLE_DEBUG_INFO = INCLUDE_SOURCE;
				MTL_FAST_MATH = YES;
				ONLY_ACTIVE_ARCH = YES;
				SDKROOT = iphoneos;
				SWIFT_ACTIVE_COMPILATION_CONDITIONS = DEBUG;
				SWIFT_OPTIMIZATION_LEVEL = "-Onone";
			};
			name = Debug;
		};
		0A54698B2AB189BB00B755F5 /* Release */ = {
			isa = XCBuildConfiguration;
			buildSettings = {
				ALWAYS_SEARCH_USER_PATHS = NO;
				CLANG_ANALYZER_NONNULL = YES;
				CLANG_ANALYZER_NUMBER_OBJECT_CONVERSION = YES_AGGRESSIVE;
				CLANG_CXX_LANGUAGE_STANDARD = "gnu++20";
				CLANG_ENABLE_MODULES = YES;
				CLANG_ENABLE_OBJC_ARC = YES;
				CLANG_ENABLE_OBJC_WEAK = YES;
				CLANG_WARN_BLOCK_CAPTURE_AUTORELEASING = YES;
				CLANG_WARN_BOOL_CONVERSION = YES;
				CLANG_WARN_COMMA = YES;
				CLANG_WARN_CONSTANT_CONVERSION = YES;
				CLANG_WARN_DEPRECATED_OBJC_IMPLEMENTATIONS = YES;
				CLANG_WARN_DIRECT_OBJC_ISA_USAGE = YES_ERROR;
				CLANG_WARN_DOCUMENTATION_COMMENTS = YES;
				CLANG_WARN_EMPTY_BODY = YES;
				CLANG_WARN_ENUM_CONVERSION = YES;
				CLANG_WARN_INFINITE_RECURSION = YES;
				CLANG_WARN_INT_CONVERSION = YES;
				CLANG_WARN_NON_LITERAL_NULL_CONVERSION = YES;
				CLANG_WARN_OBJC_IMPLICIT_RETAIN_SELF = YES;
				CLANG_WARN_OBJC_LITERAL_CONVERSION = YES;
				CLANG_WARN_OBJC_ROOT_CLASS = YES_ERROR;
				CLANG_WARN_QUOTED_INCLUDE_IN_FRAMEWORK_HEADER = YES;
				CLANG_WARN_RANGE_LOOP_ANALYSIS = YES;
				CLANG_WARN_STRICT_PROTOTYPES = YES;
				CLANG_WARN_SUSPICIOUS_MOVE = YES;
				CLANG_WARN_UNGUARDED_AVAILABILITY = YES_AGGRESSIVE;
				CLANG_WARN_UNREACHABLE_CODE = YES;
				CLANG_WARN__DUPLICATE_METHOD_MATCH = YES;
				COPY_PHASE_STRIP = NO;
				DEBUG_INFORMATION_FORMAT = "dwarf-with-dsym";
				ENABLE_NS_ASSERTIONS = NO;
				ENABLE_STRICT_OBJC_MSGSEND = YES;
				GCC_C_LANGUAGE_STANDARD = gnu11;
				GCC_NO_COMMON_BLOCKS = YES;
				GCC_WARN_64_TO_32_BIT_CONVERSION = YES;
				GCC_WARN_ABOUT_RETURN_TYPE = YES_ERROR;
				GCC_WARN_UNDECLARED_SELECTOR = YES;
				GCC_WARN_UNINITIALIZED_AUTOS = YES_AGGRESSIVE;
				GCC_WARN_UNUSED_FUNCTION = YES;
				GCC_WARN_UNUSED_VARIABLE = YES;
				IPHONEOS_DEPLOYMENT_TARGET = 16.4;
				MTL_ENABLE_DEBUG_INFO = NO;
				MTL_FAST_MATH = YES;
				SDKROOT = iphoneos;
				SWIFT_COMPILATION_MODE = wholemodule;
				SWIFT_OPTIMIZATION_LEVEL = "-O";
				VALIDATE_PRODUCT = YES;
			};
			name = Release;
		};
		0A54698D2AB189BB00B755F5 /* Debug */ = {
			isa = XCBuildConfiguration;
			buildSettings = {
				ASSETCATALOG_COMPILER_APPICON_NAME = AppIcon;
				ASSETCATALOG_COMPILER_GLOBAL_ACCENT_COLOR_NAME = AccentColor;
				CODE_SIGN_STYLE = Automatic;
				CURRENT_PROJECT_VERSION = 1;
				DEVELOPMENT_TEAM = 3P9LUAZ46A;
				ENABLE_PREVIEWS = YES;
				GENERATE_INFOPLIST_FILE = YES;
				INFOPLIST_KEY_UIApplicationSceneManifest_Generation = YES;
				INFOPLIST_KEY_UIApplicationSupportsIndirectInputEvents = YES;
				INFOPLIST_KEY_UILaunchScreen_Generation = YES;
				INFOPLIST_KEY_UISupportedInterfaceOrientations_iPad = "UIInterfaceOrientationPortrait UIInterfaceOrientationPortraitUpsideDown UIInterfaceOrientationLandscapeLeft UIInterfaceOrientationLandscapeRight";
				INFOPLIST_KEY_UISupportedInterfaceOrientations_iPhone = "UIInterfaceOrientationPortrait UIInterfaceOrientationLandscapeLeft UIInterfaceOrientationLandscapeRight";
				IPHONEOS_DEPLOYMENT_TARGET = 15.0;
				LD_RUNPATH_SEARCH_PATHS = (
					"$(inherited)",
					"@executable_path/Frameworks",
				);
				MARKETING_VERSION = 1.0;
				PRODUCT_BUNDLE_IDENTIFIER = "HTC.iOS-Learning";
				PRODUCT_NAME = "$(TARGET_NAME)";
				SWIFT_EMIT_LOC_STRINGS = YES;
				SWIFT_VERSION = 5.0;
				TARGETED_DEVICE_FAMILY = "1,2";
			};
			name = Debug;
		};
		0A54698E2AB189BB00B755F5 /* Release */ = {
			isa = XCBuildConfiguration;
			buildSettings = {
				ASSETCATALOG_COMPILER_APPICON_NAME = AppIcon;
				ASSETCATALOG_COMPILER_GLOBAL_ACCENT_COLOR_NAME = AccentColor;
				CODE_SIGN_STYLE = Automatic;
				CURRENT_PROJECT_VERSION = 1;
				DEVELOPMENT_TEAM = 3P9LUAZ46A;
				ENABLE_PREVIEWS = YES;
				GENERATE_INFOPLIST_FILE = YES;
				INFOPLIST_KEY_UIApplicationSceneManifest_Generation = YES;
				INFOPLIST_KEY_UIApplicationSupportsIndirectInputEvents = YES;
				INFOPLIST_KEY_UILaunchScreen_Generation = YES;
				INFOPLIST_KEY_UISupportedInterfaceOrientations_iPad = "UIInterfaceOrientationPortrait UIInterfaceOrientationPortraitUpsideDown UIInterfaceOrientationLandscapeLeft UIInterfaceOrientationLandscapeRight";
				INFOPLIST_KEY_UISupportedInterfaceOrientations_iPhone = "UIInterfaceOrientationPortrait UIInterfaceOrientationLandscapeLeft UIInterfaceOrientationLandscapeRight";
				IPHONEOS_DEPLOYMENT_TARGET = 15.0;
				LD_RUNPATH_SEARCH_PATHS = (
					"$(inherited)",
					"@executable_path/Frameworks",
				);
				MARKETING_VERSION = 1.0;
				PRODUCT_BUNDLE_IDENTIFIER = "HTC.iOS-Learning";
				PRODUCT_NAME = "$(TARGET_NAME)";
				SWIFT_EMIT_LOC_STRINGS = YES;
				SWIFT_VERSION = 5.0;
				TARGETED_DEVICE_FAMILY = "1,2";
			};
			name = Release;
		};
		0A5469902AB189BB00B755F5 /* Debug */ = {
			isa = XCBuildConfiguration;
			buildSettings = {
				ALWAYS_EMBED_SWIFT_STANDARD_LIBRARIES = YES;
				BUNDLE_LOADER = "$(TEST_HOST)";
				CODE_SIGN_STYLE = Automatic;
				CURRENT_PROJECT_VERSION = 1;
				DEVELOPMENT_TEAM = 3P9LUAZ46A;
				GENERATE_INFOPLIST_FILE = YES;
				IPHONEOS_DEPLOYMENT_TARGET = 16.4;
				MARKETING_VERSION = 1.0;
				PRODUCT_BUNDLE_IDENTIFIER = "HTC.iOS-LearningTests";
				PRODUCT_NAME = "$(TARGET_NAME)";
				SWIFT_EMIT_LOC_STRINGS = NO;
				SWIFT_VERSION = 5.0;
				TARGETED_DEVICE_FAMILY = "1,2";
				TEST_HOST = "$(BUILT_PRODUCTS_DIR)/iOS-Learning.app/$(BUNDLE_EXECUTABLE_FOLDER_PATH)/iOS-Learning";
			};
			name = Debug;
		};
		0A5469912AB189BB00B755F5 /* Release */ = {
			isa = XCBuildConfiguration;
			buildSettings = {
				ALWAYS_EMBED_SWIFT_STANDARD_LIBRARIES = YES;
				BUNDLE_LOADER = "$(TEST_HOST)";
				CODE_SIGN_STYLE = Automatic;
				CURRENT_PROJECT_VERSION = 1;
				DEVELOPMENT_TEAM = 3P9LUAZ46A;
				GENERATE_INFOPLIST_FILE = YES;
				IPHONEOS_DEPLOYMENT_TARGET = 16.4;
				MARKETING_VERSION = 1.0;
				PRODUCT_BUNDLE_IDENTIFIER = "HTC.iOS-LearningTests";
				PRODUCT_NAME = "$(TARGET_NAME)";
				SWIFT_EMIT_LOC_STRINGS = NO;
				SWIFT_VERSION = 5.0;
				TARGETED_DEVICE_FAMILY = "1,2";
				TEST_HOST = "$(BUILT_PRODUCTS_DIR)/iOS-Learning.app/$(BUNDLE_EXECUTABLE_FOLDER_PATH)/iOS-Learning";
			};
			name = Release;
		};
		0A5469932AB189BB00B755F5 /* Debug */ = {
			isa = XCBuildConfiguration;
			buildSettings = {
				ALWAYS_EMBED_SWIFT_STANDARD_LIBRARIES = YES;
				CODE_SIGN_STYLE = Automatic;
				CURRENT_PROJECT_VERSION = 1;
				DEVELOPMENT_TEAM = 3P9LUAZ46A;
				GENERATE_INFOPLIST_FILE = YES;
				MARKETING_VERSION = 1.0;
				PRODUCT_BUNDLE_IDENTIFIER = "HTC.iOS-LearningUITests";
				PRODUCT_NAME = "$(TARGET_NAME)";
				SWIFT_EMIT_LOC_STRINGS = NO;
				SWIFT_VERSION = 5.0;
				TARGETED_DEVICE_FAMILY = "1,2";
				TEST_TARGET_NAME = "iOS-Learning";
			};
			name = Debug;
		};
		0A5469942AB189BB00B755F5 /* Release */ = {
			isa = XCBuildConfiguration;
			buildSettings = {
				ALWAYS_EMBED_SWIFT_STANDARD_LIBRARIES = YES;
				CODE_SIGN_STYLE = Automatic;
				CURRENT_PROJECT_VERSION = 1;
				DEVELOPMENT_TEAM = 3P9LUAZ46A;
				GENERATE_INFOPLIST_FILE = YES;
				MARKETING_VERSION = 1.0;
				PRODUCT_BUNDLE_IDENTIFIER = "HTC.iOS-LearningUITests";
				PRODUCT_NAME = "$(TARGET_NAME)";
				SWIFT_EMIT_LOC_STRINGS = NO;
				SWIFT_VERSION = 5.0;
				TARGETED_DEVICE_FAMILY = "1,2";
				TEST_TARGET_NAME = "iOS-Learning";
			};
			name = Release;
		};
/* End XCBuildConfiguration section */

/* Begin XCConfigurationList section */
		0A54695E2AB189B900B755F5 /* Build configuration list for PBXProject "iOS-Learning" */ = {
			isa = XCConfigurationList;
			buildConfigurations = (
				0A54698A2AB189BB00B755F5 /* Debug */,
				0A54698B2AB189BB00B755F5 /* Release */,
			);
			defaultConfigurationIsVisible = 0;
			defaultConfigurationName = Release;
		};
		0A54698C2AB189BB00B755F5 /* Build configuration list for PBXNativeTarget "iOS-Learning" */ = {
			isa = XCConfigurationList;
			buildConfigurations = (
				0A54698D2AB189BB00B755F5 /* Debug */,
				0A54698E2AB189BB00B755F5 /* Release */,
			);
			defaultConfigurationIsVisible = 0;
			defaultConfigurationName = Release;
		};
		0A54698F2AB189BB00B755F5 /* Build configuration list for PBXNativeTarget "iOS-LearningTests" */ = {
			isa = XCConfigurationList;
			buildConfigurations = (
				0A5469902AB189BB00B755F5 /* Debug */,
				0A5469912AB189BB00B755F5 /* Release */,
			);
			defaultConfigurationIsVisible = 0;
			defaultConfigurationName = Release;
		};
		0A5469922AB189BB00B755F5 /* Build configuration list for PBXNativeTarget "iOS-LearningUITests" */ = {
			isa = XCConfigurationList;
			buildConfigurations = (
				0A5469932AB189BB00B755F5 /* Debug */,
				0A5469942AB189BB00B755F5 /* Release */,
			);
			defaultConfigurationIsVisible = 0;
			defaultConfigurationName = Release;
		};
/* End XCConfigurationList section */
	};
	rootObject = 0A54695B2AB189B900B755F5 /* Project object */;
}
